{
  "requires": true,
  "lockfileVersion": 1,
  "dependencies": {
    "@babel/runtime": {
      "version": "7.17.2",
      "resolved": "https://registry.npmjs.org/@babel/runtime/-/runtime-7.17.2.tgz",
      "integrity": "sha512-hzeyJyMA1YGdJTuWU0e/j4wKXrU4OMFvY2MSlaI9B7VQb0r5cxTE3EAIS2Q7Tn2RIcDkRvTA/v2JsAEhxe99uw==",
      "requires": {
        "regenerator-runtime": "^0.13.4"
      }
    },
    "@irojs/iro-core": {
      "version": "1.2.1",
      "resolved": "https://registry.npmjs.org/@irojs/iro-core/-/iro-core-1.2.1.tgz",
      "integrity": "sha512-p2OvsBSSmidsDsTSkID6jEyXDF7lcyxPrkh3qBzasBZFpjkYd6kZ3yMWai3MlAaQ3F7li/Et7rSJVV09Fpei+A=="
    },
    "@jaames/iro": {
      "version": "5.5.2",
      "resolved": "https://registry.npmjs.org/@jaames/iro/-/iro-5.5.2.tgz",
      "integrity": "sha512-Fbi5U4Vdkw6UsF+R3oMlPONqkvUDMkwzh+mX718gQsDFt3+1r1jvGsrfCbedmXAAy0WsjDHOrefK0BkDk99TQg==",
      "requires": {
        "@irojs/iro-core": "^1.2.1",
        "preact": "^10.0.0"
      }
    },
    "history": {
      "version": "5.2.0",
      "resolved": "https://registry.npmjs.org/history/-/history-5.2.0.tgz",
      "integrity": "sha512-uPSF6lAJb3nSePJ43hN3eKj1dTWpN9gMod0ZssbFTIsen+WehTmEadgL+kg78xLJFdRfrrC//SavDzmRVdE+Ig==",
      "requires": {
        "@babel/runtime": "^7.7.6"
      }
    },
    "preact": {
      "version": "10.6.6",
      "resolved": "https://registry.npmjs.org/preact/-/preact-10.6.6.tgz",
      "integrity": "sha512-dgxpTFV2vs4vizwKohYKkk7g7rmp1wOOcfd4Tz3IB3Wi+ivZzsn/SpeKJhRENSE+n8sUfsAl4S3HiCVT923ABw=="
    },
    "react-circular-color": {
      "version": "1.3.0",
      "resolved": "https://registry.npmjs.org/react-circular-color/-/react-circular-color-1.3.0.tgz",
      "integrity": "sha512-kDmTekjLTgPb4ZztTHlJ1LD2/HRGAafjLvDExSkuFTR6oa5Iz6EmNIfUiYBmLIPwyJaZHmsm5V9fWNt0Verxhg=="
    },
    "react-native-elevation": {
      "version": "1.0.0",
      "resolved": "https://registry.npmjs.org/react-native-elevation/-/react-native-elevation-1.0.0.tgz",
      "integrity": "sha512-BWIKcEYtzjRV6GpkX0Km5/w2E7fgIcywiQOT7JZTc5NSbv/YI9kpFinB9lRFsOoRVGmiqq/O3VfP/oH2clIiBA=="
    },
    "react-native-wheel-color-picker": {
      "version": "1.2.0",
      "resolved": "https://registry.npmjs.org/react-native-wheel-color-picker/-/react-native-wheel-color-picker-1.2.0.tgz",
      "integrity": "sha512-j4IcN7so9dZAkXyrPTTaPqCKsjkGBZkd5F7HqLo0OTRB1EZX3Ww5VMKsKjloxv6Omv193wGOhwfG20ec2KnxJQ==",
      "requires": {
        "react-native-elevation": "^1.0.0"
      }
    },
    "react-router": {
      "version": "6.2.1",
      "resolved": "https://registry.npmjs.org/react-router/-/react-router-6.2.1.tgz",
      "integrity": "sha512-2fG0udBtxou9lXtK97eJeET2ki5//UWfQSl1rlJ7quwe6jrktK9FCCc8dQb5QY6jAv3jua8bBQRhhDOM/kVRsg==",
      "requires": {
        "history": "^5.2.0"
      }
    },
    "react-router-dom": {
      "version": "6.2.1",
      "resolved": "https://registry.npmjs.org/react-router-dom/-/react-router-dom-6.2.1.tgz",
      "integrity": "sha512-I6Zax+/TH/cZMDpj3/4Fl2eaNdcvoxxHoH1tYOREsQ22OKDYofGebrNm6CTPUcvLvZm63NL/vzCYdjf9CUhqmA==",
      "requires": {
        "history": "^5.2.0",
        "react-router": "6.2.1"
      }
    },
    "regenerator-runtime": {
      "version": "0.13.9",
      "resolved": "https://registry.npmjs.org/regenerator-runtime/-/regenerator-runtime-0.13.9.tgz",
      "integrity": "sha512-p3VT+cOEgxFsRRA9X4lkI1E+k2/CtnKtU4gcxyaCUreilL/vqI6CdZ3wxVUx3UOUg+gnUOQQcRI7BmSI656MYA=="
    }
  }
}
